
Microsoft Visual Studio Solution File, Format Version 12.00
# Visual Studio Version 17
VisualStudioVersion = 17.7.34009.444
MinimumVisualStudioVersion = 10.0.40219.1
Project("{8BC9CEB8-8B4A-11D0-8D11-00A0C91BC942}") = "CP11_20240112", "CP11_20240112.vcxproj", "{B0E1DB66-5D9D-4B17-83DE-0ECE43709298}"
EndProject
Global
	GlobalSection(SolutionConfigurationPlatforms) = preSolution
		Debug|x64 = Debug|x64
		Debug|x86 = Debug|x86
		Release|x64 = Release|x64
		Release|x86 = Release|x86
	EndGlobalSection
	GlobalSection(ProjectConfigurationPlatforms) = postSolution
		{B0E1DB66-5D9D-4B17-83DE-0ECE43709298}.Debug|x64.ActiveCfg = Debug|x64
		{B0E1DB66-5D9D-4B17-83DE-0ECE43709298}.Debug|x64.Build.0 = Debug|x64
		{B0E1DB66-5D9D-4B17-83DE-0ECE43709298}.Debug|x86.ActiveCfg = Debug|Win32
		{B0E1DB66-5D9D-4B17-83DE-0ECE43709298}.Debug|x86.Build.0 = Debug|Win32
		{B0E1DB66-5D9D-4B17-83DE-0ECE43709298}.Release|x64.ActiveCfg = Release|x64
		{B0E1DB66-5D9D-4B17-83DE-0ECE43709298}.Release|x64.Build.0 = Release|x64
		{B0E1DB66-5D9D-4B17-83DE-0ECE43709298}.Release|x86.ActiveCfg = Release|Win32
		{B0E1DB66-5D9D-4B17-83DE-0ECE43709298}.Release|x86.Build.0 = Release|Win32
	EndGlobalSection
	GlobalSection(SolutionProperties) = preSolution
		HideSolutionNode = FALSE
	EndGlobalSection
	GlobalSection(ExtensibilityGlobals) = postSolution
		SolutionGuid = {2E508E1A-988F-47DB-9627-028A5D287A23}
	EndGlobalSection
EndGlobal
